
Microsoft Visual Studio Solution File, Format Version 12.00
# Visual Studio Version 16
VisualStudioVersion = 25.0.1700.0
MinimumVisualStudioVersion = 10.0.40219.1
Project("{FAE04EC0-301F-11D3-BF4B-00C04F79EFBC}") = "RocketLanding", "RocketLanding\RocketLanding.csproj", "{1CD40BB3-81F1-4142-BBF6-05DC39DC88B9}"
EndProject
Project("{FAE04EC0-301F-11D3-BF4B-00C04F79EFBC}") = "RocketLanding.Tests", "RocketLanding.Tests\RocketLanding.Tests.csproj", "{4839AE2B-9EF6-4548-9192-1A4F706B080E}"
EndProject
Global
	GlobalSection(SolutionConfigurationPlatforms) = preSolution
		Debug|Any CPU = Debug|Any CPU
		Release|Any CPU = Release|Any CPU
	EndGlobalSection
	GlobalSection(ProjectConfigurationPlatforms) = postSolution
		{1CD40BB3-81F1-4142-BBF6-05DC39DC88B9}.Debug|Any CPU.ActiveCfg = Debug|Any CPU
		{1CD40BB3-81F1-4142-BBF6-05DC39DC88B9}.Debug|Any CPU.Build.0 = Debug|Any CPU
		{1CD40BB3-81F1-4142-BBF6-05DC39DC88B9}.Release|Any CPU.ActiveCfg = Release|Any CPU
		{1CD40BB3-81F1-4142-BBF6-05DC39DC88B9}.Release|Any CPU.Build.0 = Release|Any CPU
		{4839AE2B-9EF6-4548-9192-1A4F706B080E}.Debug|Any CPU.ActiveCfg = Debug|Any CPU
		{4839AE2B-9EF6-4548-9192-1A4F706B080E}.Debug|Any CPU.Build.0 = Debug|Any CPU
		{4839AE2B-9EF6-4548-9192-1A4F706B080E}.Release|Any CPU.ActiveCfg = Release|Any CPU
		{4839AE2B-9EF6-4548-9192-1A4F706B080E}.Release|Any CPU.Build.0 = Release|Any CPU
	EndGlobalSection
	GlobalSection(SolutionProperties) = preSolution
		HideSolutionNode = FALSE
	EndGlobalSection
	GlobalSection(ExtensibilityGlobals) = postSolution
		SolutionGuid = {9CCD62E1-5D1E-4D80-AE6E-AC93BFF3E1A9}
	EndGlobalSection
EndGlobal
